
Microsoft Visual Studio Solution File, Format Version 12.00
# Visual Studio Version 16
VisualStudioVersion = 16.0.30621.155
MinimumVisualStudioVersion = 10.0.40219.1
Project("{9A19103F-16F7-4668-BE54-9A1E7A4F7556}") = "Aoc.Day1", "Src\Aoc.Day1\Aoc.Day1.csproj", "{7195410B-2C19-4BB1-A177-F15B91A48300}"
EndProject
Project("{9A19103F-16F7-4668-BE54-9A1E7A4F7556}") = "Aoc.BusinessLogic", "Src\Aoc.BusinessLogic\Aoc.BusinessLogic\Aoc.BusinessLogic.csproj", "{ED10E828-D1A4-441A-A035-AE2AC405F705}"
EndProject
Project("{9A19103F-16F7-4668-BE54-9A1E7A4F7556}") = "Aoc.Day2", "Src\Aoc.Day2\Aoc.Day2.csproj", "{149F78AA-6086-4253-A0E2-5D13696732F4}"
EndProject
Project("{FAE04EC0-301F-11D3-BF4B-00C04F79EFBC}") = "Aoc.Day3", "Src\Aoc.Day3\Aoc.Day3.csproj", "{F36352BE-D647-48D8-9E9A-55F41AEC75A0}"
EndProject
Project("{FAE04EC0-301F-11D3-BF4B-00C04F79EFBC}") = "Aoc.Day4", "Src\Aoc.Day4\Aoc.Day4.csproj", "{5020034D-5024-4BC6-BB26-B1595E98017F}"
EndProject
Global
	GlobalSection(SolutionConfigurationPlatforms) = preSolution
		Debug|Any CPU = Debug|Any CPU
		Release|Any CPU = Release|Any CPU
	EndGlobalSection
	GlobalSection(ProjectConfigurationPlatforms) = postSolution
		{7195410B-2C19-4BB1-A177-F15B91A48300}.Debug|Any CPU.ActiveCfg = Debug|Any CPU
		{7195410B-2C19-4BB1-A177-F15B91A48300}.Debug|Any CPU.Build.0 = Debug|Any CPU
		{7195410B-2C19-4BB1-A177-F15B91A48300}.Release|Any CPU.ActiveCfg = Release|Any CPU
		{7195410B-2C19-4BB1-A177-F15B91A48300}.Release|Any CPU.Build.0 = Release|Any CPU
		{ED10E828-D1A4-441A-A035-AE2AC405F705}.Debug|Any CPU.ActiveCfg = Debug|Any CPU
		{ED10E828-D1A4-441A-A035-AE2AC405F705}.Debug|Any CPU.Build.0 = Debug|Any CPU
		{ED10E828-D1A4-441A-A035-AE2AC405F705}.Release|Any CPU.ActiveCfg = Release|Any CPU
		{ED10E828-D1A4-441A-A035-AE2AC405F705}.Release|Any CPU.Build.0 = Release|Any CPU
		{149F78AA-6086-4253-A0E2-5D13696732F4}.Debug|Any CPU.ActiveCfg = Debug|Any CPU
		{149F78AA-6086-4253-A0E2-5D13696732F4}.Debug|Any CPU.Build.0 = Debug|Any CPU
		{149F78AA-6086-4253-A0E2-5D13696732F4}.Release|Any CPU.ActiveCfg = Release|Any CPU
		{149F78AA-6086-4253-A0E2-5D13696732F4}.Release|Any CPU.Build.0 = Release|Any CPU
		{F36352BE-D647-48D8-9E9A-55F41AEC75A0}.Debug|Any CPU.ActiveCfg = Debug|Any CPU
		{F36352BE-D647-48D8-9E9A-55F41AEC75A0}.Debug|Any CPU.Build.0 = Debug|Any CPU
		{F36352BE-D647-48D8-9E9A-55F41AEC75A0}.Release|Any CPU.ActiveCfg = Release|Any CPU
		{F36352BE-D647-48D8-9E9A-55F41AEC75A0}.Release|Any CPU.Build.0 = Release|Any CPU
		{5020034D-5024-4BC6-BB26-B1595E98017F}.Debug|Any CPU.ActiveCfg = Debug|Any CPU
		{5020034D-5024-4BC6-BB26-B1595E98017F}.Debug|Any CPU.Build.0 = Debug|Any CPU
		{5020034D-5024-4BC6-BB26-B1595E98017F}.Release|Any CPU.ActiveCfg = Release|Any CPU
		{5020034D-5024-4BC6-BB26-B1595E98017F}.Release|Any CPU.Build.0 = Release|Any CPU
	EndGlobalSection
	GlobalSection(SolutionProperties) = preSolution
		HideSolutionNode = FALSE
	EndGlobalSection
	GlobalSection(ExtensibilityGlobals) = postSolution
		SolutionGuid = {67F16B41-4E82-46C1-87D4-704C1FAA4FD2}
	EndGlobalSection
EndGlobal
